
Microsoft Visual Studio Solution File, Format Version 12.00
# Visual Studio Version 17
VisualStudioVersion = 17.0.31903.59
MinimumVisualStudioVersion = 10.0.40219.1
Project("{2150E333-8FDC-42A3-9474-1A3956D46DE8}") = "src", "src", "{B798BC0E-2F88-4E97-B357-3DFCE9577814}"
EndProject
Project("{2150E333-8FDC-42A3-9474-1A3956D46DE8}") = "Services", "Services", "{99454C13-DFE7-4FE0-AFF7-40296E773463}"
EndProject
Project("{FAE04EC0-301F-11D3-BF4B-00C04F79EFBC}") = "Todo", "src\Services\Todo\Todo.csproj", "{207ABE43-C8E2-48CD-8ABF-2A087D078E60}"
EndProject
Project("{FAE04EC0-301F-11D3-BF4B-00C04F79EFBC}") = "Identity", "src\Services\Identity\Identity.csproj", "{B1260851-2D18-49B2-BDAC-5EA0CFED2706}"
EndProject
Project("{2150E333-8FDC-42A3-9474-1A3956D46DE8}") = "BuildingBlocks", "BuildingBlocks", "{C62FD7EA-71AA-4FEE-A549-4A1A2098ABAC}"
EndProject
Project("{FAE04EC0-301F-11D3-BF4B-00C04F79EFBC}") = "Entities", "src\BuildingBlocks\Entities\Entities.csproj", "{8E40034A-D23F-4224-9E72-8D54797DD37E}"
EndProject
Project("{FAE04EC0-301F-11D3-BF4B-00C04F79EFBC}") = "ServiceDefaults", "src\BuildingBlocks\ServiceDefaults\ServiceDefaults.csproj", "{94587B3D-FE32-43E4-A0FF-2E19B4EEFAFC}"
EndProject
Project("{FAE04EC0-301F-11D3-BF4B-00C04F79EFBC}") = "CQRS", "src\BuildingBlocks\CQRS\CQRS.csproj", "{51F23B9C-9B57-4C1B-82FA-61B1A6E34348}"
EndProject
Project("{FAE04EC0-301F-11D3-BF4B-00C04F79EFBC}") = "Loggers", "src\BuildingBlocks\Loggers\Loggers.csproj", "{F9F7A15E-3C71-4A14-A06A-61CA3D6589E6}"
EndProject
Project("{FAE04EC0-301F-11D3-BF4B-00C04F79EFBC}") = "TodoAppHost", "src\TodoAppHost\TodoAppHost.csproj", "{0C58B890-9CB4-455C-BDC4-09C3096CCBDB}"
EndProject
Global
	GlobalSection(SolutionConfigurationPlatforms) = preSolution
		Debug|Any CPU = Debug|Any CPU
		Release|Any CPU = Release|Any CPU
	EndGlobalSection
	GlobalSection(SolutionProperties) = preSolution
		HideSolutionNode = FALSE
	EndGlobalSection
	GlobalSection(ProjectConfigurationPlatforms) = postSolution
		{207ABE43-C8E2-48CD-8ABF-2A087D078E60}.Debug|Any CPU.ActiveCfg = Debug|Any CPU
		{207ABE43-C8E2-48CD-8ABF-2A087D078E60}.Debug|Any CPU.Build.0 = Debug|Any CPU
		{207ABE43-C8E2-48CD-8ABF-2A087D078E60}.Release|Any CPU.ActiveCfg = Release|Any CPU
		{207ABE43-C8E2-48CD-8ABF-2A087D078E60}.Release|Any CPU.Build.0 = Release|Any CPU
		{B1260851-2D18-49B2-BDAC-5EA0CFED2706}.Debug|Any CPU.ActiveCfg = Debug|Any CPU
		{B1260851-2D18-49B2-BDAC-5EA0CFED2706}.Debug|Any CPU.Build.0 = Debug|Any CPU
		{B1260851-2D18-49B2-BDAC-5EA0CFED2706}.Release|Any CPU.ActiveCfg = Release|Any CPU
		{B1260851-2D18-49B2-BDAC-5EA0CFED2706}.Release|Any CPU.Build.0 = Release|Any CPU
		{8E40034A-D23F-4224-9E72-8D54797DD37E}.Debug|Any CPU.ActiveCfg = Debug|Any CPU
		{8E40034A-D23F-4224-9E72-8D54797DD37E}.Debug|Any CPU.Build.0 = Debug|Any CPU
		{8E40034A-D23F-4224-9E72-8D54797DD37E}.Release|Any CPU.ActiveCfg = Release|Any CPU
		{8E40034A-D23F-4224-9E72-8D54797DD37E}.Release|Any CPU.Build.0 = Release|Any CPU
		{94587B3D-FE32-43E4-A0FF-2E19B4EEFAFC}.Debug|Any CPU.ActiveCfg = Debug|Any CPU
		{94587B3D-FE32-43E4-A0FF-2E19B4EEFAFC}.Debug|Any CPU.Build.0 = Debug|Any CPU
		{94587B3D-FE32-43E4-A0FF-2E19B4EEFAFC}.Release|Any CPU.ActiveCfg = Release|Any CPU
		{94587B3D-FE32-43E4-A0FF-2E19B4EEFAFC}.Release|Any CPU.Build.0 = Release|Any CPU
		{51F23B9C-9B57-4C1B-82FA-61B1A6E34348}.Debug|Any CPU.ActiveCfg = Debug|Any CPU
		{51F23B9C-9B57-4C1B-82FA-61B1A6E34348}.Debug|Any CPU.Build.0 = Debug|Any CPU
		{51F23B9C-9B57-4C1B-82FA-61B1A6E34348}.Release|Any CPU.ActiveCfg = Release|Any CPU
		{51F23B9C-9B57-4C1B-82FA-61B1A6E34348}.Release|Any CPU.Build.0 = Release|Any CPU
		{F9F7A15E-3C71-4A14-A06A-61CA3D6589E6}.Debug|Any CPU.ActiveCfg = Debug|Any CPU
		{F9F7A15E-3C71-4A14-A06A-61CA3D6589E6}.Debug|Any CPU.Build.0 = Debug|Any CPU
		{F9F7A15E-3C71-4A14-A06A-61CA3D6589E6}.Release|Any CPU.ActiveCfg = Release|Any CPU
		{F9F7A15E-3C71-4A14-A06A-61CA3D6589E6}.Release|Any CPU.Build.0 = Release|Any CPU
		{0C58B890-9CB4-455C-BDC4-09C3096CCBDB}.Debug|Any CPU.ActiveCfg = Debug|Any CPU
		{0C58B890-9CB4-455C-BDC4-09C3096CCBDB}.Debug|Any CPU.Build.0 = Debug|Any CPU
		{0C58B890-9CB4-455C-BDC4-09C3096CCBDB}.Release|Any CPU.ActiveCfg = Release|Any CPU
		{0C58B890-9CB4-455C-BDC4-09C3096CCBDB}.Release|Any CPU.Build.0 = Release|Any CPU
	EndGlobalSection
	GlobalSection(NestedProjects) = preSolution
		{99454C13-DFE7-4FE0-AFF7-40296E773463} = {B798BC0E-2F88-4E97-B357-3DFCE9577814}
		{207ABE43-C8E2-48CD-8ABF-2A087D078E60} = {99454C13-DFE7-4FE0-AFF7-40296E773463}
		{B1260851-2D18-49B2-BDAC-5EA0CFED2706} = {99454C13-DFE7-4FE0-AFF7-40296E773463}
		{C62FD7EA-71AA-4FEE-A549-4A1A2098ABAC} = {B798BC0E-2F88-4E97-B357-3DFCE9577814}
		{8E40034A-D23F-4224-9E72-8D54797DD37E} = {C62FD7EA-71AA-4FEE-A549-4A1A2098ABAC}
		{94587B3D-FE32-43E4-A0FF-2E19B4EEFAFC} = {C62FD7EA-71AA-4FEE-A549-4A1A2098ABAC}
		{51F23B9C-9B57-4C1B-82FA-61B1A6E34348} = {C62FD7EA-71AA-4FEE-A549-4A1A2098ABAC}
		{F9F7A15E-3C71-4A14-A06A-61CA3D6589E6} = {C62FD7EA-71AA-4FEE-A549-4A1A2098ABAC}
		{0C58B890-9CB4-455C-BDC4-09C3096CCBDB} = {B798BC0E-2F88-4E97-B357-3DFCE9577814}
	EndGlobalSection
EndGlobal
